
Microsoft Visual Studio Solution File, Format Version 12.00
# Visual Studio Version 16
VisualStudioVersion = 16.0.31313.79
MinimumVisualStudioVersion = 10.0.40219.1
Project("{9A19103F-16F7-4668-BE54-9A1E7A4F7556}") = "CleanArch.Domain", "CleanArch.Domain\CleanArch.Domain.csproj", "{4A2FD632-E4A7-4871-93FD-16808BAC44D0}"
EndProject
Project("{9A19103F-16F7-4668-BE54-9A1E7A4F7556}") = "CleanArch.Application", "CleanArch.Application\CleanArch.Application.csproj", "{940A2B45-1DF0-4A99-8077-3EA04D23A797}"
EndProject
Project("{9A19103F-16F7-4668-BE54-9A1E7A4F7556}") = "CleanArch.Infra.Data", "CleanArch.Infra.Data\CleanArch.Infra.Data.csproj", "{3BD52E0C-A311-42DD-AC41-2B26559DC7D1}"
EndProject
Project("{9A19103F-16F7-4668-BE54-9A1E7A4F7556}") = "CleanArch.Infra.IoC", "CleanArch.Infra.IoC\CleanArch.Infra.IoC.csproj", "{9921FFEC-73BC-46B2-ADCA-23C01C3978B7}"
EndProject
Project("{9A19103F-16F7-4668-BE54-9A1E7A4F7556}") = "CleanArch.WebUI", "CleanArch.WebUI\CleanArch.WebUI.csproj", "{4289410B-9CE9-47AE-8D8C-FE2A24901037}"
EndProject
Project("{FAE04EC0-301F-11D3-BF4B-00C04F79EFBC}") = "CleanArch.Domain.Tests", "CleanArch.Domain.Tests\CleanArch.Domain.Tests.csproj", "{9E2D1FE3-5921-40C6-969B-1B9DD86F1013}"
EndProject
Global
	GlobalSection(SolutionConfigurationPlatforms) = preSolution
		Debug|Any CPU = Debug|Any CPU
		Release|Any CPU = Release|Any CPU
	EndGlobalSection
	GlobalSection(ProjectConfigurationPlatforms) = postSolution
		{4A2FD632-E4A7-4871-93FD-16808BAC44D0}.Debug|Any CPU.ActiveCfg = Debug|Any CPU
		{4A2FD632-E4A7-4871-93FD-16808BAC44D0}.Debug|Any CPU.Build.0 = Debug|Any CPU
		{4A2FD632-E4A7-4871-93FD-16808BAC44D0}.Release|Any CPU.ActiveCfg = Release|Any CPU
		{4A2FD632-E4A7-4871-93FD-16808BAC44D0}.Release|Any CPU.Build.0 = Release|Any CPU
		{940A2B45-1DF0-4A99-8077-3EA04D23A797}.Debug|Any CPU.ActiveCfg = Debug|Any CPU
		{940A2B45-1DF0-4A99-8077-3EA04D23A797}.Debug|Any CPU.Build.0 = Debug|Any CPU
		{940A2B45-1DF0-4A99-8077-3EA04D23A797}.Release|Any CPU.ActiveCfg = Release|Any CPU
		{940A2B45-1DF0-4A99-8077-3EA04D23A797}.Release|Any CPU.Build.0 = Release|Any CPU
		{3BD52E0C-A311-42DD-AC41-2B26559DC7D1}.Debug|Any CPU.ActiveCfg = Debug|Any CPU
		{3BD52E0C-A311-42DD-AC41-2B26559DC7D1}.Debug|Any CPU.Build.0 = Debug|Any CPU
		{3BD52E0C-A311-42DD-AC41-2B26559DC7D1}.Release|Any CPU.ActiveCfg = Release|Any CPU
		{3BD52E0C-A311-42DD-AC41-2B26559DC7D1}.Release|Any CPU.Build.0 = Release|Any CPU
		{9921FFEC-73BC-46B2-ADCA-23C01C3978B7}.Debug|Any CPU.ActiveCfg = Debug|Any CPU
		{9921FFEC-73BC-46B2-ADCA-23C01C3978B7}.Debug|Any CPU.Build.0 = Debug|Any CPU
		{9921FFEC-73BC-46B2-ADCA-23C01C3978B7}.Release|Any CPU.ActiveCfg = Release|Any CPU
		{9921FFEC-73BC-46B2-ADCA-23C01C3978B7}.Release|Any CPU.Build.0 = Release|Any CPU
		{4289410B-9CE9-47AE-8D8C-FE2A24901037}.Debug|Any CPU.ActiveCfg = Debug|Any CPU
		{4289410B-9CE9-47AE-8D8C-FE2A24901037}.Debug|Any CPU.Build.0 = Debug|Any CPU
		{4289410B-9CE9-47AE-8D8C-FE2A24901037}.Release|Any CPU.ActiveCfg = Release|Any CPU
		{4289410B-9CE9-47AE-8D8C-FE2A24901037}.Release|Any CPU.Build.0 = Release|Any CPU
		{9E2D1FE3-5921-40C6-969B-1B9DD86F1013}.Debug|Any CPU.ActiveCfg = Debug|Any CPU
		{9E2D1FE3-5921-40C6-969B-1B9DD86F1013}.Debug|Any CPU.Build.0 = Debug|Any CPU
		{9E2D1FE3-5921-40C6-969B-1B9DD86F1013}.Release|Any CPU.ActiveCfg = Release|Any CPU
		{9E2D1FE3-5921-40C6-969B-1B9DD86F1013}.Release|Any CPU.Build.0 = Release|Any CPU
	EndGlobalSection
	GlobalSection(SolutionProperties) = preSolution
		HideSolutionNode = FALSE
	EndGlobalSection
	GlobalSection(ExtensibilityGlobals) = postSolution
		SolutionGuid = {6C2E01D7-6CA6-4204-9D87-B7346802267E}
	EndGlobalSection
EndGlobal
